{
  "name": "@stripe/scripts",
  "version": "1.0.1",
  "lockfileVersion": 3,
  "requires": true,
  "packages": {
    "": {
      "name": "@stripe/scripts",
      "version": "1.0.1",
      "license": "MIT",
      "dependencies": {
        "zod": "^3.22.0"
      }
    },
    "node_modules/zod": {
      "version": "3.25.62",
      "resolved": "https://registry.npmjs.org/zod/-/zod-3.25.62.tgz",
      "integrity": "sha512-YCxsr4DmhPcrKPC9R1oBHQNlQzlJEyPAId//qTau/vBee9uO8K6prmRq4eMkOyxvBfH4wDPIPdLx9HVMWIY3xA==",
      "funding": {
        "url": "https://github.com/sponsors/colinhacks"
      }
    }
  }
}
