{
  "name": "@stripe/scripts",
  "version": "1.0.0",
  "lockfileVersion": 3,
  "requires": true,
  "packages": {
    "": {
      "name": "@stripe/scripts",
      "version": "1.0.0",
      "license": "MIT",
      "dependencies": {
        "zod": "^3.22.0"
      }
    },
    "node_modules/zod": {
      "version": "3.25.39",
      "resolved": "https://registry.npmjs.org/zod/-/zod-3.25.39.tgz",
      "integrity": "sha512-yrva2T2x4R+FMFTPBVD/YPS7ct8njqjnV93zNx/MlwqLAxcnxwRGbXWyWF63/nErl3rdRd8KARObon7BiWzabQ==",
      "funding": {
        "url": "https://github.com/sponsors/colinhacks"
      }
    }
  }
}
